
Microsoft Visual Studio Solution File, Format Version 12.00
# Visual Studio Version 17
VisualStudioVersion = 17.7.34018.315
MinimumVisualStudioVersion = 10.0.40219.1
Project("{9A19103F-16F7-4668-BE54-9A1E7A4F7556}") = "StorifyAPI", "StorifyAPI.csproj", "{3D3D08C0-9AA3-4058-8E93-591A851CC6F8}"
EndProject
Project("{9A19103F-16F7-4668-BE54-9A1E7A4F7556}") = "Contracts", "..\Stories\Contracts.csproj", "{116233A1-CC3E-41B9-9644-C08EA3B98782}"
EndProject
Project("{9A19103F-16F7-4668-BE54-9A1E7A4F7556}") = "LoggerService", "..\LoggerService\LoggerService.csproj", "{AEAD903C-02EB-4908-AC2C-917E42B3A598}"
EndProject
Project("{FAE04EC0-301F-11D3-BF4B-00C04F79EFBC}") = "Entities", "..\Entities\Entities.csproj", "{E6067ED7-280F-4076-86D7-2BD051A3B1AF}"
EndProject
Global
	GlobalSection(SolutionConfigurationPlatforms) = preSolution
		Debug|Any CPU = Debug|Any CPU
		Release|Any CPU = Release|Any CPU
	EndGlobalSection
	GlobalSection(ProjectConfigurationPlatforms) = postSolution
		{3D3D08C0-9AA3-4058-8E93-591A851CC6F8}.Debug|Any CPU.ActiveCfg = Debug|Any CPU
		{3D3D08C0-9AA3-4058-8E93-591A851CC6F8}.Debug|Any CPU.Build.0 = Debug|Any CPU
		{3D3D08C0-9AA3-4058-8E93-591A851CC6F8}.Release|Any CPU.ActiveCfg = Release|Any CPU
		{3D3D08C0-9AA3-4058-8E93-591A851CC6F8}.Release|Any CPU.Build.0 = Release|Any CPU
		{116233A1-CC3E-41B9-9644-C08EA3B98782}.Debug|Any CPU.ActiveCfg = Debug|Any CPU
		{116233A1-CC3E-41B9-9644-C08EA3B98782}.Debug|Any CPU.Build.0 = Debug|Any CPU
		{116233A1-CC3E-41B9-9644-C08EA3B98782}.Release|Any CPU.ActiveCfg = Release|Any CPU
		{116233A1-CC3E-41B9-9644-C08EA3B98782}.Release|Any CPU.Build.0 = Release|Any CPU
		{AEAD903C-02EB-4908-AC2C-917E42B3A598}.Debug|Any CPU.ActiveCfg = Debug|Any CPU
		{AEAD903C-02EB-4908-AC2C-917E42B3A598}.Debug|Any CPU.Build.0 = Debug|Any CPU
		{AEAD903C-02EB-4908-AC2C-917E42B3A598}.Release|Any CPU.ActiveCfg = Release|Any CPU
		{AEAD903C-02EB-4908-AC2C-917E42B3A598}.Release|Any CPU.Build.0 = Release|Any CPU
		{E6067ED7-280F-4076-86D7-2BD051A3B1AF}.Debug|Any CPU.ActiveCfg = Debug|Any CPU
		{E6067ED7-280F-4076-86D7-2BD051A3B1AF}.Debug|Any CPU.Build.0 = Debug|Any CPU
		{E6067ED7-280F-4076-86D7-2BD051A3B1AF}.Release|Any CPU.ActiveCfg = Release|Any CPU
		{E6067ED7-280F-4076-86D7-2BD051A3B1AF}.Release|Any CPU.Build.0 = Release|Any CPU
	EndGlobalSection
	GlobalSection(SolutionProperties) = preSolution
		HideSolutionNode = FALSE
	EndGlobalSection
	GlobalSection(ExtensibilityGlobals) = postSolution
		SolutionGuid = {76BA8B5D-43A4-4F79-8613-A566AD591248}
	EndGlobalSection
EndGlobal
